
Microsoft Visual Studio Solution File, Format Version 12.00
# Visual Studio Version 17
VisualStudioVersion = 17.8.34511.84
MinimumVisualStudioVersion = 10.0.40219.1
Project("{FAE04EC0-301F-11D3-BF4B-00C04F79EFBC}") = "Class_Task(validation)", "Class_Task(validation).csproj", "{FC9CD8DE-88D1-445B-BE10-18BE38231C3D}"
EndProject
Global
	GlobalSection(SolutionConfigurationPlatforms) = preSolution
		Debug|Any CPU = Debug|Any CPU
		Release|Any CPU = Release|Any CPU
	EndGlobalSection
	GlobalSection(ProjectConfigurationPlatforms) = postSolution
		{FC9CD8DE-88D1-445B-BE10-18BE38231C3D}.Debug|Any CPU.ActiveCfg = Debug|Any CPU
		{FC9CD8DE-88D1-445B-BE10-18BE38231C3D}.Debug|Any CPU.Build.0 = Debug|Any CPU
		{FC9CD8DE-88D1-445B-BE10-18BE38231C3D}.Release|Any CPU.ActiveCfg = Release|Any CPU
		{FC9CD8DE-88D1-445B-BE10-18BE38231C3D}.Release|Any CPU.Build.0 = Release|Any CPU
	EndGlobalSection
	GlobalSection(SolutionProperties) = preSolution
		HideSolutionNode = FALSE
	EndGlobalSection
	GlobalSection(ExtensibilityGlobals) = postSolution
		SolutionGuid = {45219115-FAE6-4AA7-A62D-ABDCD0092F63}
	EndGlobalSection
EndGlobal
